{
  "version": 4,
  "terraform_version": "1.10.3",
  "serial": 18,
  "lineage": "00c0ac7e-cca6-f276-3d49-5754901e5006",
  "outputs": {},
  "resources": [
    {
      "mode": "data",
      "type": "azurerm_client_config",
      "name": "current",
      "provider": "provider[\"registry.terraform.io/hashicorp/azurerm\"]",
      "instances": [
        {
          "schema_version": 0,
          "attributes": {
            "client_id": "04b07795-8ddb-461a-bbee-02f9e1bf7b46",
            "id": "Y2xpZW50Q29uZmlncy9jbGllbnRJZD0wNGIwNzc5NS04ZGRiLTQ2MWEtYmJlZS0wMmY5ZTFiZjdiNDY7b2JqZWN0SWQ9ZjIxNmY5ODItZGZlNi00MTJmLWFlNjctOGIxYTIyMWIzNjIwO3N1YnNjcmlwdGlvbklkPTNkNjNjYjIwLTljYmYtNGI3Zi1hZDBiLTAzNTdiZmY3YTQzNjt0ZW5hbnRJZD05YWFiMmY3ZC1iOWMzLTQyZTQtOTUwMi0zYjEwN2YyNWI1NzQ=",
            "object_id": "f216f982-dfe6-412f-ae67-8b1a221b3620",
            "subscription_id": "3d63cb20-9cbf-4b7f-ad0b-0357bff7a436",
            "tenant_id": "9aab2f7d-b9c3-42e4-9502-3b107f25b574",
            "timeouts": null
          },
          "sensitive_attributes": []
        }
      ]
    },
    {
      "mode": "managed",
      "type": "azurerm_resource_group",
      "name": "ResourceGroup",
      "provider": "provider[\"registry.terraform.io/hashicorp/azurerm\"]",
      "instances": [
        {
          "schema_version": 0,
          "attributes": {
            "id": "/subscriptions/3d63cb20-9cbf-4b7f-ad0b-0357bff7a436/resourceGroups/TerraformResourceGroup",
            "location": "eastus",
            "managed_by": "",
            "name": "TerraformResourceGroup",
            "tags": {
              "Deployment": "Terraform",
              "Owner": "Sai Jitendra Kalli"
            },
            "timeouts": null
          },
          "sensitive_attributes": [],
          "private": "eyJlMmJmYjczMC1lY2FhLTExZTYtOGY4OC0zNDM2M2JjN2M0YzAiOnsiY3JlYXRlIjo1NDAwMDAwMDAwMDAwLCJkZWxldGUiOjU0MDAwMDAwMDAwMDAsInJlYWQiOjMwMDAwMDAwMDAwMCwidXBkYXRlIjo1NDAwMDAwMDAwMDAwfX0="
        }
      ]
    },
    {
      "mode": "managed",
      "type": "azurerm_storage_account",
      "name": "StorageAccount",
      "provider": "provider[\"registry.terraform.io/hashicorp/azurerm\"]",
      "instances": [
        {
          "schema_version": 4,
          "attributes": {
            "access_tier": "Hot",
            "account_kind": "StorageV2",
            "account_replication_type": "LRS",
            "account_tier": "Standard",
            "allow_nested_items_to_be_public": true,
            "allowed_copy_scope": "",
            "azure_files_authentication": [],
            "blob_properties": [
              {
                "change_feed_enabled": false,
                "change_feed_retention_in_days": 0,
                "container_delete_retention_policy": [],
                "cors_rule": [],
                "default_service_version": "",
                "delete_retention_policy": [],
                "last_access_time_enabled": false,
                "restore_policy": [],
                "versioning_enabled": false
              }
            ],
            "cross_tenant_replication_enabled": false,
            "custom_domain": [],
            "customer_managed_key": [],
            "default_to_oauth_authentication": false,
            "dns_endpoint_type": "Standard",
            "edge_zone": "",
            "https_traffic_only_enabled": true,
            "id": "/subscriptions/3d63cb20-9cbf-4b7f-ad0b-0357bff7a436/resourceGroups/TerraformResourceGroup/providers/Microsoft.Storage/storageAccounts/terraformazurejitendra",
            "identity": [],
            "immutability_policy": [],
            "infrastructure_encryption_enabled": false,
            "is_hns_enabled": false,
            "large_file_share_enabled": false,
            "local_user_enabled": true,
            "location": "eastus",
            "min_tls_version": "TLS1_2",
            "name": "terraformazurejitendra",
            "network_rules": [],
            "nfsv3_enabled": false,
            "primary_access_key": "J2O6pw2Is+1Ux8Pf29qgvxB7iUpNyMnZVV55ixanoIhJTZkVH4ABujzZ9ACbgeilSBrSvqE4cMFW+ASth6zcFA==",
            "primary_blob_connection_string": "DefaultEndpointsProtocol=https;BlobEndpoint=https://terraformazurejitendra.blob.core.windows.net/;AccountName=terraformazurejitendra;AccountKey=J2O6pw2Is+1Ux8Pf29qgvxB7iUpNyMnZVV55ixanoIhJTZkVH4ABujzZ9ACbgeilSBrSvqE4cMFW+ASth6zcFA==",
            "primary_blob_endpoint": "https://terraformazurejitendra.blob.core.windows.net/",
            "primary_blob_host": "terraformazurejitendra.blob.core.windows.net",
            "primary_blob_internet_endpoint": "",
            "primary_blob_internet_host": "",
            "primary_blob_microsoft_endpoint": "",
            "primary_blob_microsoft_host": "",
            "primary_connection_string": "DefaultEndpointsProtocol=https;AccountName=terraformazurejitendra;AccountKey=J2O6pw2Is+1Ux8Pf29qgvxB7iUpNyMnZVV55ixanoIhJTZkVH4ABujzZ9ACbgeilSBrSvqE4cMFW+ASth6zcFA==;EndpointSuffix=core.windows.net",
            "primary_dfs_endpoint": "https://terraformazurejitendra.dfs.core.windows.net/",
            "primary_dfs_host": "terraformazurejitendra.dfs.core.windows.net",
            "primary_dfs_internet_endpoint": "",
            "primary_dfs_internet_host": "",
            "primary_dfs_microsoft_endpoint": "",
            "primary_dfs_microsoft_host": "",
            "primary_file_endpoint": "https://terraformazurejitendra.file.core.windows.net/",
            "primary_file_host": "terraformazurejitendra.file.core.windows.net",
            "primary_file_internet_endpoint": "",
            "primary_file_internet_host": "",
            "primary_file_microsoft_endpoint": "",
            "primary_file_microsoft_host": "",
            "primary_location": "eastus",
            "primary_queue_endpoint": "https://terraformazurejitendra.queue.core.windows.net/",
            "primary_queue_host": "terraformazurejitendra.queue.core.windows.net",
            "primary_queue_microsoft_endpoint": "",
            "primary_queue_microsoft_host": "",
            "primary_table_endpoint": "https://terraformazurejitendra.table.core.windows.net/",
            "primary_table_host": "terraformazurejitendra.table.core.windows.net",
            "primary_table_microsoft_endpoint": "",
            "primary_table_microsoft_host": "",
            "primary_web_endpoint": "https://terraformazurejitendra.z13.web.core.windows.net/",
            "primary_web_host": "terraformazurejitendra.z13.web.core.windows.net",
            "primary_web_internet_endpoint": "",
            "primary_web_internet_host": "",
            "primary_web_microsoft_endpoint": "",
            "primary_web_microsoft_host": "",
            "public_network_access_enabled": true,
            "queue_encryption_key_type": "Service",
            "queue_properties": [
              {
                "cors_rule": [],
                "hour_metrics": [
                  {
                    "enabled": true,
                    "include_apis": true,
                    "retention_policy_days": 7,
                    "version": "1.0"
                  }
                ],
                "logging": [
                  {
                    "delete": false,
                    "read": false,
                    "retention_policy_days": 0,
                    "version": "1.0",
                    "write": false
                  }
                ],
                "minute_metrics": [
                  {
                    "enabled": false,
                    "include_apis": false,
                    "retention_policy_days": 0,
                    "version": "1.0"
                  }
                ]
              }
            ],
            "resource_group_name": "TerraformResourceGroup",
            "routing": [],
            "sas_policy": [],
            "secondary_access_key": "Ed60WuV7fdq7T8c3qPheQFd/hsXOQIeEw3XjP/xN3Ack29nVdvdazLzN+BV6omDaZpU7V5T3KJth+AStiyW26Q==",
            "secondary_blob_connection_string": "",
            "secondary_blob_endpoint": "",
            "secondary_blob_host": "",
            "secondary_blob_internet_endpoint": "",
            "secondary_blob_internet_host": "",
            "secondary_blob_microsoft_endpoint": "",
            "secondary_blob_microsoft_host": "",
            "secondary_connection_string": "DefaultEndpointsProtocol=https;AccountName=terraformazurejitendra;AccountKey=Ed60WuV7fdq7T8c3qPheQFd/hsXOQIeEw3XjP/xN3Ack29nVdvdazLzN+BV6omDaZpU7V5T3KJth+AStiyW26Q==;EndpointSuffix=core.windows.net",
            "secondary_dfs_endpoint": "",
            "secondary_dfs_host": "",
            "secondary_dfs_internet_endpoint": "",
            "secondary_dfs_internet_host": "",
            "secondary_dfs_microsoft_endpoint": "",
            "secondary_dfs_microsoft_host": "",
            "secondary_file_endpoint": "",
            "secondary_file_host": "",
            "secondary_file_internet_endpoint": "",
            "secondary_file_internet_host": "",
            "secondary_file_microsoft_endpoint": "",
            "secondary_file_microsoft_host": "",
            "secondary_location": "",
            "secondary_queue_endpoint": "",
            "secondary_queue_host": "",
            "secondary_queue_microsoft_endpoint": "",
            "secondary_queue_microsoft_host": "",
            "secondary_table_endpoint": "",
            "secondary_table_host": "",
            "secondary_table_microsoft_endpoint": "",
            "secondary_table_microsoft_host": "",
            "secondary_web_endpoint": "",
            "secondary_web_host": "",
            "secondary_web_internet_endpoint": "",
            "secondary_web_internet_host": "",
            "secondary_web_microsoft_endpoint": "",
            "secondary_web_microsoft_host": "",
            "sftp_enabled": false,
            "share_properties": [
              {
                "cors_rule": [],
                "retention_policy": [
                  {
                    "days": 7
                  }
                ],
                "smb": []
              }
            ],
            "shared_access_key_enabled": true,
            "static_website": [],
            "table_encryption_key_type": "Service",
            "tags": {
              "Deployment": "Terraform",
              "Owner": "Sai Jitendra Kalli"
            },
            "timeouts": null
          },
          "sensitive_attributes": [
            [
              {
                "type": "get_attr",
                "value": "secondary_blob_connection_string"
              }
            ],
            [
              {
                "type": "get_attr",
                "value": "secondary_access_key"
              }
            ],
            [
              {
                "type": "get_attr",
                "value": "primary_access_key"
              }
            ],
            [
              {
                "type": "get_attr",
                "value": "primary_blob_connection_string"
              }
            ],
            [
              {
                "type": "get_attr",
                "value": "secondary_connection_string"
              }
            ],
            [
              {
                "type": "get_attr",
                "value": "primary_connection_string"
              }
            ]
          ],
          "private": "eyJlMmJmYjczMC1lY2FhLTExZTYtOGY4OC0zNDM2M2JjN2M0YzAiOnsiY3JlYXRlIjozNjAwMDAwMDAwMDAwLCJkZWxldGUiOjM2MDAwMDAwMDAwMDAsInJlYWQiOjMwMDAwMDAwMDAwMCwidXBkYXRlIjozNjAwMDAwMDAwMDAwfSwic2NoZW1hX3ZlcnNpb24iOiI0In0=",
          "dependencies": [
            "azurerm_resource_group.ResourceGroup"
          ]
        }
      ]
    }
  ],
  "check_results": null
}
